
Microsoft Visual Studio Solution File, Format Version 12.00
# Visual Studio 15
VisualStudioVersion = 15.0.28307.757
MinimumVisualStudioVersion = 10.0.40219.1
Project("{FAE04EC0-301F-11D3-BF4B-00C04F79EFBC}") = "Ancestry.Api", "Ancestry.Api\Ancestry.Api.csproj", "{E8D471E1-696D-457A-A440-6DA79EA5920D}"
EndProject
Project("{FAE04EC0-301F-11D3-BF4B-00C04F79EFBC}") = "Ancestry.Common", "Ancestry.Common\Ancestry.Common.csproj", "{36AC43F7-4F0B-43C3-8E45-50DF7FE55DA6}"
EndProject
Global
	GlobalSection(SolutionConfigurationPlatforms) = preSolution
		Debug|Any CPU = Debug|Any CPU
		Release|Any CPU = Release|Any CPU
	EndGlobalSection
	GlobalSection(ProjectConfigurationPlatforms) = postSolution
		{E8D471E1-696D-457A-A440-6DA79EA5920D}.Debug|Any CPU.ActiveCfg = Debug|Any CPU
		{E8D471E1-696D-457A-A440-6DA79EA5920D}.Debug|Any CPU.Build.0 = Debug|Any CPU
		{E8D471E1-696D-457A-A440-6DA79EA5920D}.Release|Any CPU.ActiveCfg = Release|Any CPU
		{E8D471E1-696D-457A-A440-6DA79EA5920D}.Release|Any CPU.Build.0 = Release|Any CPU
		{36AC43F7-4F0B-43C3-8E45-50DF7FE55DA6}.Debug|Any CPU.ActiveCfg = Debug|Any CPU
		{36AC43F7-4F0B-43C3-8E45-50DF7FE55DA6}.Debug|Any CPU.Build.0 = Debug|Any CPU
		{36AC43F7-4F0B-43C3-8E45-50DF7FE55DA6}.Release|Any CPU.ActiveCfg = Release|Any CPU
		{36AC43F7-4F0B-43C3-8E45-50DF7FE55DA6}.Release|Any CPU.Build.0 = Release|Any CPU
	EndGlobalSection
	GlobalSection(SolutionProperties) = preSolution
		HideSolutionNode = FALSE
	EndGlobalSection
	GlobalSection(ExtensibilityGlobals) = postSolution
		SolutionGuid = {F6AAEB03-B584-4BFF-B131-F9BD26E65A78}
	EndGlobalSection
EndGlobal
